
Microsoft Visual Studio Solution File, Format Version 12.00
# Visual Studio Version 17
VisualStudioVersion = 17.10.34916.146
MinimumVisualStudioVersion = 10.0.40219.1
Project("{FAE04EC0-301F-11D3-BF4B-00C04F79EFBC}") = "Урок 1", "Урок 1\Урок 1.csproj", "{42B0C631-9428-414A-A9C3-934B9ED2B647}"
EndProject
Global
	GlobalSection(SolutionConfigurationPlatforms) = preSolution
		Debug|Any CPU = Debug|Any CPU
		Release|Any CPU = Release|Any CPU
	EndGlobalSection
	GlobalSection(ProjectConfigurationPlatforms) = postSolution
		{42B0C631-9428-414A-A9C3-934B9ED2B647}.Debug|Any CPU.ActiveCfg = Debug|Any CPU
		{42B0C631-9428-414A-A9C3-934B9ED2B647}.Debug|Any CPU.Build.0 = Debug|Any CPU
		{42B0C631-9428-414A-A9C3-934B9ED2B647}.Release|Any CPU.ActiveCfg = Release|Any CPU
		{42B0C631-9428-414A-A9C3-934B9ED2B647}.Release|Any CPU.Build.0 = Release|Any CPU
	EndGlobalSection
	GlobalSection(SolutionProperties) = preSolution
		HideSolutionNode = FALSE
	EndGlobalSection
	GlobalSection(ExtensibilityGlobals) = postSolution
		SolutionGuid = {AE1F72DB-3DB5-4754-A57C-820A333364EC}
	EndGlobalSection
EndGlobal
